
Microsoft Visual Studio Solution File, Format Version 12.00
# Visual Studio Version 16
VisualStudioVersion = 16.0.32228.343
MinimumVisualStudioVersion = 10.0.40219.1
Project("{FAE04EC0-301F-11D3-BF4B-00C04F79EFBC}") = "9-ModClassMethods", "9-ModClassMethods\9-ModClassMethods.csproj", "{1E693E16-C9B2-49E9-83AD-BF29C4D461D4}"
EndProject
Global
	GlobalSection(SolutionConfigurationPlatforms) = preSolution
		Debug|Any CPU = Debug|Any CPU
		Release|Any CPU = Release|Any CPU
	EndGlobalSection
	GlobalSection(ProjectConfigurationPlatforms) = postSolution
		{1E693E16-C9B2-49E9-83AD-BF29C4D461D4}.Debug|Any CPU.ActiveCfg = Debug|Any CPU
		{1E693E16-C9B2-49E9-83AD-BF29C4D461D4}.Debug|Any CPU.Build.0 = Debug|Any CPU
		{1E693E16-C9B2-49E9-83AD-BF29C4D461D4}.Release|Any CPU.ActiveCfg = Release|Any CPU
		{1E693E16-C9B2-49E9-83AD-BF29C4D461D4}.Release|Any CPU.Build.0 = Release|Any CPU
	EndGlobalSection
	GlobalSection(SolutionProperties) = preSolution
		HideSolutionNode = FALSE
	EndGlobalSection
	GlobalSection(ExtensibilityGlobals) = postSolution
		SolutionGuid = {338F2D8E-FF84-465E-99F0-662D9369DD14}
	EndGlobalSection
EndGlobal
