
Microsoft Visual Studio Solution File, Format Version 12.00
# Visual Studio Version 16
VisualStudioVersion = 16.0.32228.343
MinimumVisualStudioVersion = 10.0.40219.1
Project("{FAE04EC0-301F-11D3-BF4B-00C04F79EFBC}") = "12-NewtonRaphsonNested", "12-NewtonRaphsonNested\12-NewtonRaphsonNested.csproj", "{9172BBEC-E0A4-4D6D-8813-709304ED6257}"
EndProject
Global
	GlobalSection(SolutionConfigurationPlatforms) = preSolution
		Debug|Any CPU = Debug|Any CPU
		Release|Any CPU = Release|Any CPU
	EndGlobalSection
	GlobalSection(ProjectConfigurationPlatforms) = postSolution
		{9172BBEC-E0A4-4D6D-8813-709304ED6257}.Debug|Any CPU.ActiveCfg = Debug|Any CPU
		{9172BBEC-E0A4-4D6D-8813-709304ED6257}.Debug|Any CPU.Build.0 = Debug|Any CPU
		{9172BBEC-E0A4-4D6D-8813-709304ED6257}.Release|Any CPU.ActiveCfg = Release|Any CPU
		{9172BBEC-E0A4-4D6D-8813-709304ED6257}.Release|Any CPU.Build.0 = Release|Any CPU
	EndGlobalSection
	GlobalSection(SolutionProperties) = preSolution
		HideSolutionNode = FALSE
	EndGlobalSection
	GlobalSection(ExtensibilityGlobals) = postSolution
		SolutionGuid = {06A88C85-DDC1-42B8-AC3A-BAEE2365AD4F}
	EndGlobalSection
EndGlobal
