
Microsoft Visual Studio Solution File, Format Version 12.00
# Visual Studio Version 16
VisualStudioVersion = 16.0.32228.343
MinimumVisualStudioVersion = 10.0.40219.1
Project("{FAE04EC0-301F-11D3-BF4B-00C04F79EFBC}") = "4-exceptions", "4-exceptions\4-exceptions.csproj", "{8C669425-E374-4707-98E6-91A4C2726860}"
EndProject
Global
	GlobalSection(SolutionConfigurationPlatforms) = preSolution
		Debug|Any CPU = Debug|Any CPU
		Release|Any CPU = Release|Any CPU
	EndGlobalSection
	GlobalSection(ProjectConfigurationPlatforms) = postSolution
		{8C669425-E374-4707-98E6-91A4C2726860}.Debug|Any CPU.ActiveCfg = Debug|Any CPU
		{8C669425-E374-4707-98E6-91A4C2726860}.Debug|Any CPU.Build.0 = Debug|Any CPU
		{8C669425-E374-4707-98E6-91A4C2726860}.Release|Any CPU.ActiveCfg = Release|Any CPU
		{8C669425-E374-4707-98E6-91A4C2726860}.Release|Any CPU.Build.0 = Release|Any CPU
	EndGlobalSection
	GlobalSection(SolutionProperties) = preSolution
		HideSolutionNode = FALSE
	EndGlobalSection
	GlobalSection(ExtensibilityGlobals) = postSolution
		SolutionGuid = {BEFC00BE-2897-4C55-940B-A4834B37F05C}
	EndGlobalSection
EndGlobal
